
Microsoft Visual Studio Solution File, Format Version 12.00
# Visual Studio Version 17
VisualStudioVersion = 17.14.36429.23 d17.14
MinimumVisualStudioVersion = 10.0.40219.1
Project("{FAE04EC0-301F-11D3-BF4B-00C04F79EFBC}") = "Tyuiu.KruchininEP.Sprint4.Task0.V4", "Tyuiu.KruchininEP.Sprint4.Task0.V4\Tyuiu.KruchininEP.Sprint4.Task0.V4.csproj", "{2EB150A3-EDC1-48B6-807F-FBBACCBD447C}"
EndProject
Project("{FAE04EC0-301F-11D3-BF4B-00C04F79EFBC}") = "Tyuiu.KruchininEP.Sprint4.Task0.V4.Lib", "Tyuiu.KruchininEP.Sprint4.Task0.V4.Lib\Tyuiu.KruchininEP.Sprint4.Task0.V4.Lib.csproj", "{BF9A7F59-C637-4207-A33F-07592AF357D2}"
EndProject
Project("{FAE04EC0-301F-11D3-BF4B-00C04F79EFBC}") = "Tyuiu.KruchininEP.Sprint4.Task0.V4.Test", "Tyuiu.KruchininEP.Sprint4.Task0.V4.Test\Tyuiu.KruchininEP.Sprint4.Task0.V4.Test.csproj", "{03B604A7-A9E9-42DC-8EDD-79D5238BB2AD}"
EndProject
Project("{2150E333-8FDC-42A3-9474-1A3956D46DE8}") = "Task0", "Task0", "{02EA681E-C7D8-13C7-8484-4AC65E1B71E8}"
EndProject
Project("{2150E333-8FDC-42A3-9474-1A3956D46DE8}") = "Task1", "Task1", "{B0C69BCA-9688-4583-B135-D0AB7BDF3B80}"
EndProject
Project("{FAE04EC0-301F-11D3-BF4B-00C04F79EFBC}") = "Tyuiu.KruchininEP.Sprint4.Task1.V2", "Tyuiu.KruchininEP.Sprint4.Task1.V2\Tyuiu.KruchininEP.Sprint4.Task1.V2.csproj", "{C1C9559F-A175-4D0A-99A3-5F5C5B3C8A7E}"
EndProject
Project("{FAE04EC0-301F-11D3-BF4B-00C04F79EFBC}") = "Tyuiu.KruchininEP.Sprint4.Task1.V2.Lib", "Tyuiu.KruchininEP.Sprint4.Task1.V2.Lib\Tyuiu.KruchininEP.Sprint4.Task1.V2.Lib.csproj", "{B051FFD1-5837-41DB-B451-788396310FAD}"
EndProject
Project("{FAE04EC0-301F-11D3-BF4B-00C04F79EFBC}") = "Tyuiu.KruchininEP.Sprint4.Task1.V2.Test", "Tyuiu.KruchininEP.Sprint4.Task1.V2.Test\Tyuiu.KruchininEP.Sprint4.Task1.V2.Test.csproj", "{4E36ECE3-597D-4DAE-8B03-84BE8041E7FC}"
EndProject
Project("{2150E333-8FDC-42A3-9474-1A3956D46DE8}") = "Task2", "Task2", "{A1C551AE-97CC-434A-8967-D98D7FB88444}"
EndProject
Project("{FAE04EC0-301F-11D3-BF4B-00C04F79EFBC}") = "Tyuiu.KruchininEP.Sprint4.Task2.V1", "Tyuiu.KruchininEP.Sprint4.Task2.V1\Tyuiu.KruchininEP.Sprint4.Task2.V1.csproj", "{5EBB3E0D-902B-4045-8777-0E0E2DF4A4AE}"
EndProject
Project("{FAE04EC0-301F-11D3-BF4B-00C04F79EFBC}") = "Tyuiu.KruchininEP.Sprint4.Task2.V1.Lib", "Tyuiu.KruchininEP.Sprint4.Task2.V1.Lib\Tyuiu.KruchininEP.Sprint4.Task2.V1.Lib.csproj", "{AA873F15-76C6-46B7-85B0-3E01EEDB8F40}"
EndProject
Project("{FAE04EC0-301F-11D3-BF4B-00C04F79EFBC}") = "Tyuiu.KruchininEP.Sprint4.Task2.V1.Test", "Tyuiu.KruchininEP.Sprint4.Task2.V1.Test\Tyuiu.KruchininEP.Sprint4.Task2.V1.Test.csproj", "{FCDBC975-A2FD-4E16-B29D-B06147994B45}"
EndProject
Global
	GlobalSection(SolutionConfigurationPlatforms) = preSolution
		Debug|Any CPU = Debug|Any CPU
		Release|Any CPU = Release|Any CPU
	EndGlobalSection
	GlobalSection(ProjectConfigurationPlatforms) = postSolution
		{2EB150A3-EDC1-48B6-807F-FBBACCBD447C}.Debug|Any CPU.ActiveCfg = Debug|Any CPU
		{2EB150A3-EDC1-48B6-807F-FBBACCBD447C}.Debug|Any CPU.Build.0 = Debug|Any CPU
		{2EB150A3-EDC1-48B6-807F-FBBACCBD447C}.Release|Any CPU.ActiveCfg = Release|Any CPU
		{2EB150A3-EDC1-48B6-807F-FBBACCBD447C}.Release|Any CPU.Build.0 = Release|Any CPU
		{BF9A7F59-C637-4207-A33F-07592AF357D2}.Debug|Any CPU.ActiveCfg = Debug|Any CPU
		{BF9A7F59-C637-4207-A33F-07592AF357D2}.Debug|Any CPU.Build.0 = Debug|Any CPU
		{BF9A7F59-C637-4207-A33F-07592AF357D2}.Release|Any CPU.ActiveCfg = Release|Any CPU
		{BF9A7F59-C637-4207-A33F-07592AF357D2}.Release|Any CPU.Build.0 = Release|Any CPU
		{03B604A7-A9E9-42DC-8EDD-79D5238BB2AD}.Debug|Any CPU.ActiveCfg = Debug|Any CPU
		{03B604A7-A9E9-42DC-8EDD-79D5238BB2AD}.Debug|Any CPU.Build.0 = Debug|Any CPU
		{03B604A7-A9E9-42DC-8EDD-79D5238BB2AD}.Release|Any CPU.ActiveCfg = Release|Any CPU
		{03B604A7-A9E9-42DC-8EDD-79D5238BB2AD}.Release|Any CPU.Build.0 = Release|Any CPU
		{C1C9559F-A175-4D0A-99A3-5F5C5B3C8A7E}.Debug|Any CPU.ActiveCfg = Debug|Any CPU
		{C1C9559F-A175-4D0A-99A3-5F5C5B3C8A7E}.Debug|Any CPU.Build.0 = Debug|Any CPU
		{C1C9559F-A175-4D0A-99A3-5F5C5B3C8A7E}.Release|Any CPU.ActiveCfg = Release|Any CPU
		{C1C9559F-A175-4D0A-99A3-5F5C5B3C8A7E}.Release|Any CPU.Build.0 = Release|Any CPU
		{B051FFD1-5837-41DB-B451-788396310FAD}.Debug|Any CPU.ActiveCfg = Debug|Any CPU
		{B051FFD1-5837-41DB-B451-788396310FAD}.Debug|Any CPU.Build.0 = Debug|Any CPU
		{B051FFD1-5837-41DB-B451-788396310FAD}.Release|Any CPU.ActiveCfg = Release|Any CPU
		{B051FFD1-5837-41DB-B451-788396310FAD}.Release|Any CPU.Build.0 = Release|Any CPU
		{4E36ECE3-597D-4DAE-8B03-84BE8041E7FC}.Debug|Any CPU.ActiveCfg = Debug|Any CPU
		{4E36ECE3-597D-4DAE-8B03-84BE8041E7FC}.Debug|Any CPU.Build.0 = Debug|Any CPU
		{4E36ECE3-597D-4DAE-8B03-84BE8041E7FC}.Release|Any CPU.ActiveCfg = Release|Any CPU
		{4E36ECE3-597D-4DAE-8B03-84BE8041E7FC}.Release|Any CPU.Build.0 = Release|Any CPU
		{5EBB3E0D-902B-4045-8777-0E0E2DF4A4AE}.Debug|Any CPU.ActiveCfg = Debug|Any CPU
		{5EBB3E0D-902B-4045-8777-0E0E2DF4A4AE}.Debug|Any CPU.Build.0 = Debug|Any CPU
		{5EBB3E0D-902B-4045-8777-0E0E2DF4A4AE}.Release|Any CPU.ActiveCfg = Release|Any CPU
		{5EBB3E0D-902B-4045-8777-0E0E2DF4A4AE}.Release|Any CPU.Build.0 = Release|Any CPU
		{AA873F15-76C6-46B7-85B0-3E01EEDB8F40}.Debug|Any CPU.ActiveCfg = Debug|Any CPU
		{AA873F15-76C6-46B7-85B0-3E01EEDB8F40}.Debug|Any CPU.Build.0 = Debug|Any CPU
		{AA873F15-76C6-46B7-85B0-3E01EEDB8F40}.Release|Any CPU.ActiveCfg = Release|Any CPU
		{AA873F15-76C6-46B7-85B0-3E01EEDB8F40}.Release|Any CPU.Build.0 = Release|Any CPU
		{FCDBC975-A2FD-4E16-B29D-B06147994B45}.Debug|Any CPU.ActiveCfg = Debug|Any CPU
		{FCDBC975-A2FD-4E16-B29D-B06147994B45}.Debug|Any CPU.Build.0 = Debug|Any CPU
		{FCDBC975-A2FD-4E16-B29D-B06147994B45}.Release|Any CPU.ActiveCfg = Release|Any CPU
		{FCDBC975-A2FD-4E16-B29D-B06147994B45}.Release|Any CPU.Build.0 = Release|Any CPU
	EndGlobalSection
	GlobalSection(SolutionProperties) = preSolution
		HideSolutionNode = FALSE
	EndGlobalSection
	GlobalSection(NestedProjects) = preSolution
		{2EB150A3-EDC1-48B6-807F-FBBACCBD447C} = {02EA681E-C7D8-13C7-8484-4AC65E1B71E8}
		{BF9A7F59-C637-4207-A33F-07592AF357D2} = {02EA681E-C7D8-13C7-8484-4AC65E1B71E8}
		{03B604A7-A9E9-42DC-8EDD-79D5238BB2AD} = {02EA681E-C7D8-13C7-8484-4AC65E1B71E8}
		{C1C9559F-A175-4D0A-99A3-5F5C5B3C8A7E} = {B0C69BCA-9688-4583-B135-D0AB7BDF3B80}
		{B051FFD1-5837-41DB-B451-788396310FAD} = {B0C69BCA-9688-4583-B135-D0AB7BDF3B80}
		{4E36ECE3-597D-4DAE-8B03-84BE8041E7FC} = {B0C69BCA-9688-4583-B135-D0AB7BDF3B80}
		{5EBB3E0D-902B-4045-8777-0E0E2DF4A4AE} = {A1C551AE-97CC-434A-8967-D98D7FB88444}
		{AA873F15-76C6-46B7-85B0-3E01EEDB8F40} = {A1C551AE-97CC-434A-8967-D98D7FB88444}
		{FCDBC975-A2FD-4E16-B29D-B06147994B45} = {A1C551AE-97CC-434A-8967-D98D7FB88444}
	EndGlobalSection
	GlobalSection(ExtensibilityGlobals) = postSolution
		SolutionGuid = {4FA47EBF-8A70-4567-B91A-EB48C84DC3C8}
	EndGlobalSection
EndGlobal
