
Microsoft Visual Studio Solution File, Format Version 12.00
# Visual Studio Version 17
VisualStudioVersion = 17.14.36429.23 d17.14
MinimumVisualStudioVersion = 10.0.40219.1
Project("{FAE04EC0-301F-11D3-BF4B-00C04F79EFBC}") = "Tyuiu.KruchininEP.Sprint4.Task0.V4", "Tyuiu.KruchininEP.Sprint4.Task0.V4\Tyuiu.KruchininEP.Sprint4.Task0.V4.csproj", "{2EB150A3-EDC1-48B6-807F-FBBACCBD447C}"
EndProject
Project("{FAE04EC0-301F-11D3-BF4B-00C04F79EFBC}") = "Tyuiu.KruchininEP.Sprint4.Task0.V4.Lib", "Tyuiu.KruchininEP.Sprint4.Task0.V4.Lib\Tyuiu.KruchininEP.Sprint4.Task0.V4.Lib.csproj", "{BF9A7F59-C637-4207-A33F-07592AF357D2}"
EndProject
Project("{FAE04EC0-301F-11D3-BF4B-00C04F79EFBC}") = "Tyuiu.KruchininEP.Sprint4.Task0.V4.Test", "Tyuiu.KruchininEP.Sprint4.Task0.V4.Test\Tyuiu.KruchininEP.Sprint4.Task0.V4.Test.csproj", "{03B604A7-A9E9-42DC-8EDD-79D5238BB2AD}"
EndProject
Project("{2150E333-8FDC-42A3-9474-1A3956D46DE8}") = "Task0", "Task0", "{02EA681E-C7D8-13C7-8484-4AC65E1B71E8}"
EndProject
Project("{2150E333-8FDC-42A3-9474-1A3956D46DE8}") = "Task1", "Task1", "{B0C69BCA-9688-4583-B135-D0AB7BDF3B80}"
EndProject
Project("{FAE04EC0-301F-11D3-BF4B-00C04F79EFBC}") = "Tyuiu.KruchininEP.Sprint4.Task1.V2", "Tyuiu.KruchininEP.Sprint4.Task1.V2\Tyuiu.KruchininEP.Sprint4.Task1.V2.csproj", "{C1C9559F-A175-4D0A-99A3-5F5C5B3C8A7E}"
EndProject
Project("{FAE04EC0-301F-11D3-BF4B-00C04F79EFBC}") = "Tyuiu.KruchininEP.Sprint4.Task1.V2.Lib", "Tyuiu.KruchininEP.Sprint4.Task1.V2.Lib\Tyuiu.KruchininEP.Sprint4.Task1.V2.Lib.csproj", "{B051FFD1-5837-41DB-B451-788396310FAD}"
EndProject
Project("{FAE04EC0-301F-11D3-BF4B-00C04F79EFBC}") = "Tyuiu.KruchininEP.Sprint4.Task1.V2.Test", "Tyuiu.KruchininEP.Sprint4.Task1.V2.Test\Tyuiu.KruchininEP.Sprint4.Task1.V2.Test.csproj", "{4E36ECE3-597D-4DAE-8B03-84BE8041E7FC}"
EndProject
Project("{2150E333-8FDC-42A3-9474-1A3956D46DE8}") = "Task2", "Task2", "{A1C551AE-97CC-434A-8967-D98D7FB88444}"
EndProject
Project("{FAE04EC0-301F-11D3-BF4B-00C04F79EFBC}") = "Tyuiu.KruchininEP.Sprint4.Task2.V1", "Tyuiu.KruchininEP.Sprint4.Task2.V1\Tyuiu.KruchininEP.Sprint4.Task2.V1.csproj", "{5EBB3E0D-902B-4045-8777-0E0E2DF4A4AE}"
EndProject
Project("{FAE04EC0-301F-11D3-BF4B-00C04F79EFBC}") = "Tyuiu.KruchininEP.Sprint4.Task2.V1.Lib", "Tyuiu.KruchininEP.Sprint4.Task2.V1.Lib\Tyuiu.KruchininEP.Sprint4.Task2.V1.Lib.csproj", "{AA873F15-76C6-46B7-85B0-3E01EEDB8F40}"
EndProject
Project("{FAE04EC0-301F-11D3-BF4B-00C04F79EFBC}") = "Tyuiu.KruchininEP.Sprint4.Task2.V1.Test", "Tyuiu.KruchininEP.Sprint4.Task2.V1.Test\Tyuiu.KruchininEP.Sprint4.Task2.V1.Test.csproj", "{FCDBC975-A2FD-4E16-B29D-B06147994B45}"
EndProject
Project("{2150E333-8FDC-42A3-9474-1A3956D46DE8}") = "Task4", "Task4", "{263C1929-AE27-49ED-9369-717181CAA14E}"
EndProject
Project("{FAE04EC0-301F-11D3-BF4B-00C04F79EFBC}") = "Tyuiu.KruchininEP.Sprint4.Task4.V18", "Tyuiu.KruchininEP.Sprint4.Task4.V18\Tyuiu.KruchininEP.Sprint4.Task4.V18.csproj", "{6DF033E2-29AC-43EA-9C32-AAF80D6B39E3}"
EndProject
Project("{FAE04EC0-301F-11D3-BF4B-00C04F79EFBC}") = "Tyuiu.KruchininEP.Sprint4.Task4.V18.Lib", "Tyuiu.KruchininEP.Sprint4.Task4.V18.Lib\Tyuiu.KruchininEP.Sprint4.Task4.V18.Lib.csproj", "{0393CBDD-1F5B-4A81-89C7-9CA504A29B64}"
EndProject
Project("{FAE04EC0-301F-11D3-BF4B-00C04F79EFBC}") = "Tyuiu.KruchininEP.Sprint4.Task4.V18.Test", "Tyuiu.KruchininEP.Sprint4.Task4.V18.Test\Tyuiu.KruchininEP.Sprint4.Task4.V18.Test.csproj", "{286175F4-CB33-42B4-9EDE-C77D1EAC9E6F}"
EndProject
Project("{2150E333-8FDC-42A3-9474-1A3956D46DE8}") = "Task5", "Task5", "{A5DD0734-7446-4241-8732-CC753AB65005}"
EndProject
Project("{FAE04EC0-301F-11D3-BF4B-00C04F79EFBC}") = "Tyuiu.KruchininEP.Sprint4.Task5.V8", "Tyuiu.KruchininEP.Sprint4.Task5.V8\Tyuiu.KruchininEP.Sprint4.Task5.V8.csproj", "{D4BEAFC9-1BB8-4880-89DC-A4710C548174}"
EndProject
Project("{FAE04EC0-301F-11D3-BF4B-00C04F79EFBC}") = "Tyuiu.KruchininEP.Sprint4.Task5.V8.Lib", "Tyuiu.KruchininEP.Sprint4.Task5.V8.Lib\Tyuiu.KruchininEP.Sprint4.Task5.V8.Lib.csproj", "{AB3A27BC-53DD-4CE7-A586-77EB979A655C}"
EndProject
Project("{FAE04EC0-301F-11D3-BF4B-00C04F79EFBC}") = "Tyuiu.KruchininEP.Sprint4.Task5.V8.Test", "Tyuiu.KruchininEP.Sprint4.Task5.V8.Test\Tyuiu.KruchininEP.Sprint4.Task5.V8.Test.csproj", "{8E8D20E0-D248-4039-BDE8-64436630FAE1}"
EndProject
Project("{2150E333-8FDC-42A3-9474-1A3956D46DE8}") = "Task6", "Task6", "{5CCEC3C7-39DB-476A-959B-50C83B4316A3}"
EndProject
Project("{FAE04EC0-301F-11D3-BF4B-00C04F79EFBC}") = "Tyuiu.KruchininEP.Sprint4.Task6.V6", "Tyuiu.KruchininEP.Sprint4.Task6.V6\Tyuiu.KruchininEP.Sprint4.Task6.V6.csproj", "{81CB36ED-FD36-4911-9536-B012973CB88F}"
EndProject
Project("{FAE04EC0-301F-11D3-BF4B-00C04F79EFBC}") = "Tyuiu.KruchininEP.Sprint4.Task6.V6.Lib", "Tyuiu.KruchininEP.Sprint4.Task6.V6.Lib\Tyuiu.KruchininEP.Sprint4.Task6.V6.Lib.csproj", "{F5C4F12D-C9A6-4AA9-B37A-7BAFAD4AFD59}"
EndProject
Project("{FAE04EC0-301F-11D3-BF4B-00C04F79EFBC}") = "Tyuiu.KruchininEP.Sprint4.Task6.V6.Test", "Tyuiu.KruchininEP.Sprint4.Task6.V6.Test\Tyuiu.KruchininEP.Sprint4.Task6.V6.Test.csproj", "{BD9B6EA6-B877-4818-B96F-84E07C5D3333}"
EndProject
Project("{2150E333-8FDC-42A3-9474-1A3956D46DE8}") = "Task7", "Task7", "{40B76924-F88D-4509-A79B-F49882E64421}"
EndProject
Project("{FAE04EC0-301F-11D3-BF4B-00C04F79EFBC}") = "Tyuiu.KruchininEP.Sprint4.Task7.V21", "Tyuiu.KruchininEP.Sprint4.Task7.V21\Tyuiu.KruchininEP.Sprint4.Task7.V21.csproj", "{E9A4456B-C186-4CF3-88EA-E4C89F7C5387}"
EndProject
Project("{FAE04EC0-301F-11D3-BF4B-00C04F79EFBC}") = "Tyuiu.KruchininEP.Sprint4.Task7.V21.Lib", "Tyuiu.KruchininEP.Sprint4.Task7.V21.Lib\Tyuiu.KruchininEP.Sprint4.Task7.V21.Lib.csproj", "{230C028F-AEDF-4AB7-A346-C4291F7426FE}"
EndProject
Project("{FAE04EC0-301F-11D3-BF4B-00C04F79EFBC}") = "Tyuiu.KruchininEP.Sprint4.Task7.V21.Test", "Tyuiu.KruchininEP.Sprint4.Task7.V21.Test\Tyuiu.KruchininEP.Sprint4.Task7.V21.Test.csproj", "{9EDD317E-F896-4AD6-8FEC-34228B64E9BD}"
EndProject
Project("{2150E333-8FDC-42A3-9474-1A3956D46DE8}") = "Task3", "Task3", "{CB82D68F-6997-41D1-9ACF-82B86CF0EA7A}"
EndProject
Project("{FAE04EC0-301F-11D3-BF4B-00C04F79EFBC}") = "Tyuiu.KruchininEP.Sprint4.Task3.V2", "Tyuiu.KruchininEP.Sprint4.Task3.V2\Tyuiu.KruchininEP.Sprint4.Task3.V2.csproj", "{77EB14DC-C6A6-4799-A5BB-20D4619D676E}"
EndProject
Project("{FAE04EC0-301F-11D3-BF4B-00C04F79EFBC}") = "Tyuiu.KruchininEP.Sprint4.Task3.V2.Lib", "Tyuiu.KruchininEP.Sprint4.Task3.V2.Lib\Tyuiu.KruchininEP.Sprint4.Task3.V2.Lib.csproj", "{7F65584B-AAF4-4644-A5F7-367E5C6F05F4}"
EndProject
Project("{FAE04EC0-301F-11D3-BF4B-00C04F79EFBC}") = "Tyuiu.KruchininEP.Sprint4.Task3.V2.Test", "Tyuiu.KruchininEP.Sprint4.Task3.V2.Test\Tyuiu.KruchininEP.Sprint4.Task3.V2.Test.csproj", "{FD13AB19-4361-4FC3-98BE-5A317A01BA6F}"
EndProject
Global
	GlobalSection(SolutionConfigurationPlatforms) = preSolution
		Debug|Any CPU = Debug|Any CPU
		Release|Any CPU = Release|Any CPU
	EndGlobalSection
	GlobalSection(ProjectConfigurationPlatforms) = postSolution
		{2EB150A3-EDC1-48B6-807F-FBBACCBD447C}.Debug|Any CPU.ActiveCfg = Debug|Any CPU
		{2EB150A3-EDC1-48B6-807F-FBBACCBD447C}.Debug|Any CPU.Build.0 = Debug|Any CPU
		{2EB150A3-EDC1-48B6-807F-FBBACCBD447C}.Release|Any CPU.ActiveCfg = Release|Any CPU
		{2EB150A3-EDC1-48B6-807F-FBBACCBD447C}.Release|Any CPU.Build.0 = Release|Any CPU
		{BF9A7F59-C637-4207-A33F-07592AF357D2}.Debug|Any CPU.ActiveCfg = Debug|Any CPU
		{BF9A7F59-C637-4207-A33F-07592AF357D2}.Debug|Any CPU.Build.0 = Debug|Any CPU
		{BF9A7F59-C637-4207-A33F-07592AF357D2}.Release|Any CPU.ActiveCfg = Release|Any CPU
		{BF9A7F59-C637-4207-A33F-07592AF357D2}.Release|Any CPU.Build.0 = Release|Any CPU
		{03B604A7-A9E9-42DC-8EDD-79D5238BB2AD}.Debug|Any CPU.ActiveCfg = Debug|Any CPU
		{03B604A7-A9E9-42DC-8EDD-79D5238BB2AD}.Debug|Any CPU.Build.0 = Debug|Any CPU
		{03B604A7-A9E9-42DC-8EDD-79D5238BB2AD}.Release|Any CPU.ActiveCfg = Release|Any CPU
		{03B604A7-A9E9-42DC-8EDD-79D5238BB2AD}.Release|Any CPU.Build.0 = Release|Any CPU
		{C1C9559F-A175-4D0A-99A3-5F5C5B3C8A7E}.Debug|Any CPU.ActiveCfg = Debug|Any CPU
		{C1C9559F-A175-4D0A-99A3-5F5C5B3C8A7E}.Debug|Any CPU.Build.0 = Debug|Any CPU
		{C1C9559F-A175-4D0A-99A3-5F5C5B3C8A7E}.Release|Any CPU.ActiveCfg = Release|Any CPU
		{C1C9559F-A175-4D0A-99A3-5F5C5B3C8A7E}.Release|Any CPU.Build.0 = Release|Any CPU
		{B051FFD1-5837-41DB-B451-788396310FAD}.Debug|Any CPU.ActiveCfg = Debug|Any CPU
		{B051FFD1-5837-41DB-B451-788396310FAD}.Debug|Any CPU.Build.0 = Debug|Any CPU
		{B051FFD1-5837-41DB-B451-788396310FAD}.Release|Any CPU.ActiveCfg = Release|Any CPU
		{B051FFD1-5837-41DB-B451-788396310FAD}.Release|Any CPU.Build.0 = Release|Any CPU
		{4E36ECE3-597D-4DAE-8B03-84BE8041E7FC}.Debug|Any CPU.ActiveCfg = Debug|Any CPU
		{4E36ECE3-597D-4DAE-8B03-84BE8041E7FC}.Debug|Any CPU.Build.0 = Debug|Any CPU
		{4E36ECE3-597D-4DAE-8B03-84BE8041E7FC}.Release|Any CPU.ActiveCfg = Release|Any CPU
		{4E36ECE3-597D-4DAE-8B03-84BE8041E7FC}.Release|Any CPU.Build.0 = Release|Any CPU
		{5EBB3E0D-902B-4045-8777-0E0E2DF4A4AE}.Debug|Any CPU.ActiveCfg = Debug|Any CPU
		{5EBB3E0D-902B-4045-8777-0E0E2DF4A4AE}.Debug|Any CPU.Build.0 = Debug|Any CPU
		{5EBB3E0D-902B-4045-8777-0E0E2DF4A4AE}.Release|Any CPU.ActiveCfg = Release|Any CPU
		{5EBB3E0D-902B-4045-8777-0E0E2DF4A4AE}.Release|Any CPU.Build.0 = Release|Any CPU
		{AA873F15-76C6-46B7-85B0-3E01EEDB8F40}.Debug|Any CPU.ActiveCfg = Debug|Any CPU
		{AA873F15-76C6-46B7-85B0-3E01EEDB8F40}.Debug|Any CPU.Build.0 = Debug|Any CPU
		{AA873F15-76C6-46B7-85B0-3E01EEDB8F40}.Release|Any CPU.ActiveCfg = Release|Any CPU
		{AA873F15-76C6-46B7-85B0-3E01EEDB8F40}.Release|Any CPU.Build.0 = Release|Any CPU
		{FCDBC975-A2FD-4E16-B29D-B06147994B45}.Debug|Any CPU.ActiveCfg = Debug|Any CPU
		{FCDBC975-A2FD-4E16-B29D-B06147994B45}.Debug|Any CPU.Build.0 = Debug|Any CPU
		{FCDBC975-A2FD-4E16-B29D-B06147994B45}.Release|Any CPU.ActiveCfg = Release|Any CPU
		{FCDBC975-A2FD-4E16-B29D-B06147994B45}.Release|Any CPU.Build.0 = Release|Any CPU
		{6DF033E2-29AC-43EA-9C32-AAF80D6B39E3}.Debug|Any CPU.ActiveCfg = Debug|Any CPU
		{6DF033E2-29AC-43EA-9C32-AAF80D6B39E3}.Debug|Any CPU.Build.0 = Debug|Any CPU
		{6DF033E2-29AC-43EA-9C32-AAF80D6B39E3}.Release|Any CPU.ActiveCfg = Release|Any CPU
		{6DF033E2-29AC-43EA-9C32-AAF80D6B39E3}.Release|Any CPU.Build.0 = Release|Any CPU
		{0393CBDD-1F5B-4A81-89C7-9CA504A29B64}.Debug|Any CPU.ActiveCfg = Debug|Any CPU
		{0393CBDD-1F5B-4A81-89C7-9CA504A29B64}.Debug|Any CPU.Build.0 = Debug|Any CPU
		{0393CBDD-1F5B-4A81-89C7-9CA504A29B64}.Release|Any CPU.ActiveCfg = Release|Any CPU
		{0393CBDD-1F5B-4A81-89C7-9CA504A29B64}.Release|Any CPU.Build.0 = Release|Any CPU
		{286175F4-CB33-42B4-9EDE-C77D1EAC9E6F}.Debug|Any CPU.ActiveCfg = Debug|Any CPU
		{286175F4-CB33-42B4-9EDE-C77D1EAC9E6F}.Debug|Any CPU.Build.0 = Debug|Any CPU
		{286175F4-CB33-42B4-9EDE-C77D1EAC9E6F}.Release|Any CPU.ActiveCfg = Release|Any CPU
		{286175F4-CB33-42B4-9EDE-C77D1EAC9E6F}.Release|Any CPU.Build.0 = Release|Any CPU
		{D4BEAFC9-1BB8-4880-89DC-A4710C548174}.Debug|Any CPU.ActiveCfg = Debug|Any CPU
		{D4BEAFC9-1BB8-4880-89DC-A4710C548174}.Debug|Any CPU.Build.0 = Debug|Any CPU
		{D4BEAFC9-1BB8-4880-89DC-A4710C548174}.Release|Any CPU.ActiveCfg = Release|Any CPU
		{D4BEAFC9-1BB8-4880-89DC-A4710C548174}.Release|Any CPU.Build.0 = Release|Any CPU
		{AB3A27BC-53DD-4CE7-A586-77EB979A655C}.Debug|Any CPU.ActiveCfg = Debug|Any CPU
		{AB3A27BC-53DD-4CE7-A586-77EB979A655C}.Debug|Any CPU.Build.0 = Debug|Any CPU
		{AB3A27BC-53DD-4CE7-A586-77EB979A655C}.Release|Any CPU.ActiveCfg = Release|Any CPU
		{AB3A27BC-53DD-4CE7-A586-77EB979A655C}.Release|Any CPU.Build.0 = Release|Any CPU
		{8E8D20E0-D248-4039-BDE8-64436630FAE1}.Debug|Any CPU.ActiveCfg = Debug|Any CPU
		{8E8D20E0-D248-4039-BDE8-64436630FAE1}.Debug|Any CPU.Build.0 = Debug|Any CPU
		{8E8D20E0-D248-4039-BDE8-64436630FAE1}.Release|Any CPU.ActiveCfg = Release|Any CPU
		{8E8D20E0-D248-4039-BDE8-64436630FAE1}.Release|Any CPU.Build.0 = Release|Any CPU
		{81CB36ED-FD36-4911-9536-B012973CB88F}.Debug|Any CPU.ActiveCfg = Debug|Any CPU
		{81CB36ED-FD36-4911-9536-B012973CB88F}.Debug|Any CPU.Build.0 = Debug|Any CPU
		{81CB36ED-FD36-4911-9536-B012973CB88F}.Release|Any CPU.ActiveCfg = Release|Any CPU
		{81CB36ED-FD36-4911-9536-B012973CB88F}.Release|Any CPU.Build.0 = Release|Any CPU
		{F5C4F12D-C9A6-4AA9-B37A-7BAFAD4AFD59}.Debug|Any CPU.ActiveCfg = Debug|Any CPU
		{F5C4F12D-C9A6-4AA9-B37A-7BAFAD4AFD59}.Debug|Any CPU.Build.0 = Debug|Any CPU
		{F5C4F12D-C9A6-4AA9-B37A-7BAFAD4AFD59}.Release|Any CPU.ActiveCfg = Release|Any CPU
		{F5C4F12D-C9A6-4AA9-B37A-7BAFAD4AFD59}.Release|Any CPU.Build.0 = Release|Any CPU
		{BD9B6EA6-B877-4818-B96F-84E07C5D3333}.Debug|Any CPU.ActiveCfg = Debug|Any CPU
		{BD9B6EA6-B877-4818-B96F-84E07C5D3333}.Debug|Any CPU.Build.0 = Debug|Any CPU
		{BD9B6EA6-B877-4818-B96F-84E07C5D3333}.Release|Any CPU.ActiveCfg = Release|Any CPU
		{BD9B6EA6-B877-4818-B96F-84E07C5D3333}.Release|Any CPU.Build.0 = Release|Any CPU
		{E9A4456B-C186-4CF3-88EA-E4C89F7C5387}.Debug|Any CPU.ActiveCfg = Debug|Any CPU
		{E9A4456B-C186-4CF3-88EA-E4C89F7C5387}.Debug|Any CPU.Build.0 = Debug|Any CPU
		{E9A4456B-C186-4CF3-88EA-E4C89F7C5387}.Release|Any CPU.ActiveCfg = Release|Any CPU
		{E9A4456B-C186-4CF3-88EA-E4C89F7C5387}.Release|Any CPU.Build.0 = Release|Any CPU
		{230C028F-AEDF-4AB7-A346-C4291F7426FE}.Debug|Any CPU.ActiveCfg = Debug|Any CPU
		{230C028F-AEDF-4AB7-A346-C4291F7426FE}.Debug|Any CPU.Build.0 = Debug|Any CPU
		{230C028F-AEDF-4AB7-A346-C4291F7426FE}.Release|Any CPU.ActiveCfg = Release|Any CPU
		{230C028F-AEDF-4AB7-A346-C4291F7426FE}.Release|Any CPU.Build.0 = Release|Any CPU
		{9EDD317E-F896-4AD6-8FEC-34228B64E9BD}.Debug|Any CPU.ActiveCfg = Debug|Any CPU
		{9EDD317E-F896-4AD6-8FEC-34228B64E9BD}.Debug|Any CPU.Build.0 = Debug|Any CPU
		{9EDD317E-F896-4AD6-8FEC-34228B64E9BD}.Release|Any CPU.ActiveCfg = Release|Any CPU
		{9EDD317E-F896-4AD6-8FEC-34228B64E9BD}.Release|Any CPU.Build.0 = Release|Any CPU
		{77EB14DC-C6A6-4799-A5BB-20D4619D676E}.Debug|Any CPU.ActiveCfg = Debug|Any CPU
		{77EB14DC-C6A6-4799-A5BB-20D4619D676E}.Debug|Any CPU.Build.0 = Debug|Any CPU
		{77EB14DC-C6A6-4799-A5BB-20D4619D676E}.Release|Any CPU.ActiveCfg = Release|Any CPU
		{77EB14DC-C6A6-4799-A5BB-20D4619D676E}.Release|Any CPU.Build.0 = Release|Any CPU
		{7F65584B-AAF4-4644-A5F7-367E5C6F05F4}.Debug|Any CPU.ActiveCfg = Debug|Any CPU
		{7F65584B-AAF4-4644-A5F7-367E5C6F05F4}.Debug|Any CPU.Build.0 = Debug|Any CPU
		{7F65584B-AAF4-4644-A5F7-367E5C6F05F4}.Release|Any CPU.ActiveCfg = Release|Any CPU
		{7F65584B-AAF4-4644-A5F7-367E5C6F05F4}.Release|Any CPU.Build.0 = Release|Any CPU
		{FD13AB19-4361-4FC3-98BE-5A317A01BA6F}.Debug|Any CPU.ActiveCfg = Debug|Any CPU
		{FD13AB19-4361-4FC3-98BE-5A317A01BA6F}.Debug|Any CPU.Build.0 = Debug|Any CPU
		{FD13AB19-4361-4FC3-98BE-5A317A01BA6F}.Release|Any CPU.ActiveCfg = Release|Any CPU
		{FD13AB19-4361-4FC3-98BE-5A317A01BA6F}.Release|Any CPU.Build.0 = Release|Any CPU
	EndGlobalSection
	GlobalSection(SolutionProperties) = preSolution
		HideSolutionNode = FALSE
	EndGlobalSection
	GlobalSection(NestedProjects) = preSolution
		{2EB150A3-EDC1-48B6-807F-FBBACCBD447C} = {02EA681E-C7D8-13C7-8484-4AC65E1B71E8}
		{BF9A7F59-C637-4207-A33F-07592AF357D2} = {02EA681E-C7D8-13C7-8484-4AC65E1B71E8}
		{03B604A7-A9E9-42DC-8EDD-79D5238BB2AD} = {02EA681E-C7D8-13C7-8484-4AC65E1B71E8}
		{C1C9559F-A175-4D0A-99A3-5F5C5B3C8A7E} = {B0C69BCA-9688-4583-B135-D0AB7BDF3B80}
		{B051FFD1-5837-41DB-B451-788396310FAD} = {B0C69BCA-9688-4583-B135-D0AB7BDF3B80}
		{4E36ECE3-597D-4DAE-8B03-84BE8041E7FC} = {B0C69BCA-9688-4583-B135-D0AB7BDF3B80}
		{5EBB3E0D-902B-4045-8777-0E0E2DF4A4AE} = {A1C551AE-97CC-434A-8967-D98D7FB88444}
		{AA873F15-76C6-46B7-85B0-3E01EEDB8F40} = {A1C551AE-97CC-434A-8967-D98D7FB88444}
		{FCDBC975-A2FD-4E16-B29D-B06147994B45} = {A1C551AE-97CC-434A-8967-D98D7FB88444}
		{6DF033E2-29AC-43EA-9C32-AAF80D6B39E3} = {263C1929-AE27-49ED-9369-717181CAA14E}
		{0393CBDD-1F5B-4A81-89C7-9CA504A29B64} = {263C1929-AE27-49ED-9369-717181CAA14E}
		{286175F4-CB33-42B4-9EDE-C77D1EAC9E6F} = {263C1929-AE27-49ED-9369-717181CAA14E}
		{D4BEAFC9-1BB8-4880-89DC-A4710C548174} = {A5DD0734-7446-4241-8732-CC753AB65005}
		{AB3A27BC-53DD-4CE7-A586-77EB979A655C} = {A5DD0734-7446-4241-8732-CC753AB65005}
		{8E8D20E0-D248-4039-BDE8-64436630FAE1} = {A5DD0734-7446-4241-8732-CC753AB65005}
		{81CB36ED-FD36-4911-9536-B012973CB88F} = {5CCEC3C7-39DB-476A-959B-50C83B4316A3}
		{F5C4F12D-C9A6-4AA9-B37A-7BAFAD4AFD59} = {5CCEC3C7-39DB-476A-959B-50C83B4316A3}
		{BD9B6EA6-B877-4818-B96F-84E07C5D3333} = {5CCEC3C7-39DB-476A-959B-50C83B4316A3}
		{E9A4456B-C186-4CF3-88EA-E4C89F7C5387} = {40B76924-F88D-4509-A79B-F49882E64421}
		{230C028F-AEDF-4AB7-A346-C4291F7426FE} = {40B76924-F88D-4509-A79B-F49882E64421}
		{9EDD317E-F896-4AD6-8FEC-34228B64E9BD} = {40B76924-F88D-4509-A79B-F49882E64421}
		{77EB14DC-C6A6-4799-A5BB-20D4619D676E} = {CB82D68F-6997-41D1-9ACF-82B86CF0EA7A}
		{7F65584B-AAF4-4644-A5F7-367E5C6F05F4} = {CB82D68F-6997-41D1-9ACF-82B86CF0EA7A}
		{FD13AB19-4361-4FC3-98BE-5A317A01BA6F} = {CB82D68F-6997-41D1-9ACF-82B86CF0EA7A}
	EndGlobalSection
	GlobalSection(ExtensibilityGlobals) = postSolution
		SolutionGuid = {4FA47EBF-8A70-4567-B91A-EB48C84DC3C8}
	EndGlobalSection
EndGlobal
